
Microsoft Visual Studio Solution File, Format Version 10.00
# Visual Studio 2008
Project("{8BC9CEB8-8B4A-11D0-8D11-00A0C91BC942}") = "vtx2dx90vtx", "vtx2dx90vtx.vcproj", "{787C46F6-A5CD-4035-8E63-C9F25B83781D}"
EndProject
Global
	GlobalSection(SolutionConfigurationPlatforms) = preSolution
		Debug|Win32 = Debug|Win32
		Release|Win32 = Release|Win32
	EndGlobalSection
	GlobalSection(ProjectConfigurationPlatforms) = postSolution
		{787C46F6-A5CD-4035-8E63-C9F25B83781D}.Debug|Win32.ActiveCfg = Debug|Win32
		{787C46F6-A5CD-4035-8E63-C9F25B83781D}.Debug|Win32.Build.0 = Debug|Win32
		{787C46F6-A5CD-4035-8E63-C9F25B83781D}.Release|Win32.ActiveCfg = Release|Win32
		{787C46F6-A5CD-4035-8E63-C9F25B83781D}.Release|Win32.Build.0 = Release|Win32
	EndGlobalSection
	GlobalSection(SolutionProperties) = preSolution
		HideSolutionNode = FALSE
	EndGlobalSection
EndGlobal
